
Microsoft Visual Studio Solution File, Format Version 12.00
# Visual Studio Version 17
VisualStudioVersion = 17.4.33205.214
MinimumVisualStudioVersion = 10.0.40219.1
Project("{FAE04EC0-301F-11D3-BF4B-00C04F79EFBC}") = "NoRParryMod", "NoRParryMod\NoRParryMod.csproj", "{EEEE42BE-157F-4920-ACE0-2A2276A59FB9}"
EndProject
Global
	GlobalSection(SolutionConfigurationPlatforms) = preSolution
		Debug|Any CPU = Debug|Any CPU
		Release|Any CPU = Release|Any CPU
	EndGlobalSection
	GlobalSection(ProjectConfigurationPlatforms) = postSolution
		{EEEE42BE-157F-4920-ACE0-2A2276A59FB9}.Debug|Any CPU.ActiveCfg = Debug|Any CPU
		{EEEE42BE-157F-4920-ACE0-2A2276A59FB9}.Debug|Any CPU.Build.0 = Debug|Any CPU
		{EEEE42BE-157F-4920-ACE0-2A2276A59FB9}.Release|Any CPU.ActiveCfg = Release|Any CPU
		{EEEE42BE-157F-4920-ACE0-2A2276A59FB9}.Release|Any CPU.Build.0 = Release|Any CPU
	EndGlobalSection
	GlobalSection(SolutionProperties) = preSolution
		HideSolutionNode = FALSE
	EndGlobalSection
	GlobalSection(ExtensibilityGlobals) = postSolution
		SolutionGuid = {45DA2DFC-AD2E-480F-A8EA-3FB94A34ABFE}
	EndGlobalSection
EndGlobal
